
Microsoft Visual Studio Solution File, Format Version 12.00
# Visual Studio Version 16
VisualStudioVersion = 25.0.1706.14
MinimumVisualStudioVersion = 10.0.40219.1
Project("{FAE04EC0-301F-11D3-BF4B-00C04F79EFBC}") = "GreetingApp", "GreetingApp\GreetingApp.csproj", "{955D82BF-4864-414E-811D-8FBBE480ABF7}"
EndProject
Project("{FAE04EC0-301F-11D3-BF4B-00C04F79EFBC}") = "BusinessLayer", "BusinessLayer\BusinessLayer.csproj", "{71C0CD62-BA1A-4926-8107-977EA81E6A88}"
EndProject
Project("{FAE04EC0-301F-11D3-BF4B-00C04F79EFBC}") = "RepositoryLayer", "RepositoryLayer\RepositoryLayer.csproj", "{5C8D9497-0BF0-42A7-BEAC-95BADD53F4CD}"
EndProject
Project("{FAE04EC0-301F-11D3-BF4B-00C04F79EFBC}") = "ModelLayer", "ModelLayer\ModelLayer.csproj", "{40A88167-AB1A-45AC-9A5E-DA2480C0B340}"
EndProject
Global
	GlobalSection(SolutionConfigurationPlatforms) = preSolution
		Debug|Any CPU = Debug|Any CPU
		Release|Any CPU = Release|Any CPU
	EndGlobalSection
	GlobalSection(ProjectConfigurationPlatforms) = postSolution
		{955D82BF-4864-414E-811D-8FBBE480ABF7}.Debug|Any CPU.ActiveCfg = Debug|Any CPU
		{955D82BF-4864-414E-811D-8FBBE480ABF7}.Debug|Any CPU.Build.0 = Debug|Any CPU
		{955D82BF-4864-414E-811D-8FBBE480ABF7}.Release|Any CPU.ActiveCfg = Release|Any CPU
		{955D82BF-4864-414E-811D-8FBBE480ABF7}.Release|Any CPU.Build.0 = Release|Any CPU
		{71C0CD62-BA1A-4926-8107-977EA81E6A88}.Debug|Any CPU.ActiveCfg = Debug|Any CPU
		{71C0CD62-BA1A-4926-8107-977EA81E6A88}.Debug|Any CPU.Build.0 = Debug|Any CPU
		{71C0CD62-BA1A-4926-8107-977EA81E6A88}.Release|Any CPU.ActiveCfg = Release|Any CPU
		{71C0CD62-BA1A-4926-8107-977EA81E6A88}.Release|Any CPU.Build.0 = Release|Any CPU
		{5C8D9497-0BF0-42A7-BEAC-95BADD53F4CD}.Debug|Any CPU.ActiveCfg = Debug|Any CPU
		{5C8D9497-0BF0-42A7-BEAC-95BADD53F4CD}.Debug|Any CPU.Build.0 = Debug|Any CPU
		{5C8D9497-0BF0-42A7-BEAC-95BADD53F4CD}.Release|Any CPU.ActiveCfg = Release|Any CPU
		{5C8D9497-0BF0-42A7-BEAC-95BADD53F4CD}.Release|Any CPU.Build.0 = Release|Any CPU
		{40A88167-AB1A-45AC-9A5E-DA2480C0B340}.Debug|Any CPU.ActiveCfg = Debug|Any CPU
		{40A88167-AB1A-45AC-9A5E-DA2480C0B340}.Debug|Any CPU.Build.0 = Debug|Any CPU
		{40A88167-AB1A-45AC-9A5E-DA2480C0B340}.Release|Any CPU.ActiveCfg = Release|Any CPU
		{40A88167-AB1A-45AC-9A5E-DA2480C0B340}.Release|Any CPU.Build.0 = Release|Any CPU
	EndGlobalSection
	GlobalSection(SolutionProperties) = preSolution
		HideSolutionNode = FALSE
	EndGlobalSection
	GlobalSection(ExtensibilityGlobals) = postSolution
		SolutionGuid = {D6C1DB1A-11BE-4313-8545-511CF73F6597}
	EndGlobalSection
EndGlobal
